<?xml version="1.0" encoding="utf-8"?>
<Project ToolsVersion="4.0" xmlns="http://schemas.microsoft.com/developer/msbuild/2003">
  <ItemGroup>
    <Filter Include="源文件">
      <UniqueIdentifier>{4FC737F1-C7A5-4376-A066-2A32D752A2FF}</UniqueIdentifier>
      <Extensions>cpp;c;cc;cxx;def;odl;idl;hpj;bat;asm;asmx</Extensions>
    </Filter>
    <Filter Include="头文件">
      <UniqueIdentifier>{93995380-89BD-4b04-88EB-625FBE52EBFB}</UniqueIdentifier>
      <Extensions>h;hpp;hxx;hm;inl;inc;xsd</Extensions>
    </Filter>
    <Filter Include="资源文件">
      <UniqueIdentifier>{67DA6AB6-F800-4c08-8B7A-83BB121AAD01}</UniqueIdentifier>
      <Extensions>rc;ico;cur;bmp;dlg;rc2;rct;bin;rgs;gif;jpg;jpeg;jpe;resx;tiff;tif;png;wav;mfcribbon-ms</Extensions>
    </Filter>
    <Filter Include="ex">
      <UniqueIdentifier>{b367de36-30df-4c0c-a147-21bcfa65546b}</UniqueIdentifier>
    </Filter>
  </ItemGroup>
  <ItemGroup>
    <ClInclude Include="stdafx.h">
      <Filter>头文件</Filter>
    </ClInclude>
    <ClInclude Include="targetver.h">
      <Filter>头文件</Filter>
    </ClInclude>
    <ClInclude Include="TTLexer.h">
      <Filter>头文件</Filter>
    </ClInclude>
    <ClInclude Include="Touten.h">
      <Filter>头文件</Filter>
    </ClInclude>
    <ClInclude Include="TTParser.h">
      <Filter>头文件</Filter>
    </ClInclude>
    <ClInclude Include="TTASTree.h">
      <Filter>头文件</Filter>
    </ClInclude>
    <ClInclude Include="SharedPtr.h">
      <Filter>头文件</Filter>
    </ClInclude>
    <ClInclude Include="TTStaticArea.h">
      <Filter>头文件</Filter>
    </ClInclude>
    <ClInclude Include="TTASTNode.h">
      <Filter>头文件</Filter>
    </ClInclude>
    <ClInclude Include="ToutenCommon.h">
      <Filter>头文件</Filter>
    </ClInclude>
    <ClInclude Include="TTScope.h">
      <Filter>头文件</Filter>
    </ClInclude>
    <ClInclude Include="TTSymbolMap.h">
      <Filter>头文件</Filter>
    </ClInclude>
    <ClInclude Include="TTAssembler.h">
      <Filter>头文件</Filter>
    </ClInclude>
    <ClInclude Include="TTType.h">
      <Filter>头文件</Filter>
    </ClInclude>
    <ClInclude Include="TTTranslator.h">
      <Filter>头文件</Filter>
    </ClInclude>
    <ClInclude Include="TTConstantPool.h">
      <Filter>头文件</Filter>
    </ClInclude>
    <ClInclude Include="TTStackBasedAssembler.h">
      <Filter>头文件</Filter>
    </ClInclude>
    <ClInclude Include="TTStackBasedInterpreter.h">
      <Filter>头文件</Filter>
    </ClInclude>
    <ClInclude Include="TTInterpreterCommon.h">
      <Filter>头文件</Filter>
    </ClInclude>
    <ClInclude Include="TTMemoryAllocator.h">
      <Filter>头文件</Filter>
    </ClInclude>
    <ClInclude Include="TTObject.h">
      <Filter>头文件</Filter>
    </ClInclude>
    <ClInclude Include="TTEnvironment.h">
      <Filter>头文件</Filter>
    </ClInclude>
    <ClInclude Include="TTTools.h">
      <Filter>头文件</Filter>
    </ClInclude>
    <ClInclude Include="TTBind.h">
      <Filter>ex</Filter>
    </ClInclude>
    <ClInclude Include="TTFunction.h">
      <Filter>ex</Filter>
    </ClInclude>
    <ClInclude Include="TTCaster.h">
      <Filter>头文件</Filter>
    </ClInclude>
    <ClInclude Include="TTCall.h">
      <Filter>ex</Filter>
    </ClInclude>
  </ItemGroup>
  <ItemGroup>
    <ClCompile Include="stdafx.cpp">
      <Filter>源文件</Filter>
    </ClCompile>
    <ClCompile Include="TTLexer.cpp">
      <Filter>源文件</Filter>
    </ClCompile>
    <ClCompile Include="TTParser.cpp">
      <Filter>源文件</Filter>
    </ClCompile>
    <ClCompile Include="TTStaticArea.cpp">
      <Filter>源文件</Filter>
    </ClCompile>
    <ClCompile Include="TTASTree.cpp">
      <Filter>源文件</Filter>
    </ClCompile>
    <ClCompile Include="TTScope.cpp">
      <Filter>源文件</Filter>
    </ClCompile>
    <ClCompile Include="Touten.cpp">
      <Filter>源文件</Filter>
    </ClCompile>
    <ClCompile Include="TTConstantPool.cpp">
      <Filter>源文件</Filter>
    </ClCompile>
    <ClCompile Include="TTStackBasedAssembler.cpp">
      <Filter>源文件</Filter>
    </ClCompile>
    <ClCompile Include="TTSymbolMap.cpp">
      <Filter>源文件</Filter>
    </ClCompile>
    <ClCompile Include="TTStackBasedInterpreter.cpp">
      <Filter>源文件</Filter>
    </ClCompile>
    <ClCompile Include="TTInterpreterCommon.cpp">
      <Filter>源文件</Filter>
    </ClCompile>
    <ClCompile Include="TTMemoryAllocator.cpp">
      <Filter>源文件</Filter>
    </ClCompile>
    <ClCompile Include="TTObject.cpp">
      <Filter>源文件</Filter>
    </ClCompile>
    <ClCompile Include="TTEnvironment.cpp">
      <Filter>源文件</Filter>
    </ClCompile>
    <ClCompile Include="TTTools.cpp">
      <Filter>源文件</Filter>
    </ClCompile>
    <ClCompile Include="TTCaster.cpp">
      <Filter>源文件</Filter>
    </ClCompile>
    <ClCompile Include="TTBind.cpp">
      <Filter>ex</Filter>
    </ClCompile>
  </ItemGroup>
</Project>